// !$*UTF8*$!
{
	archiveVersion = 1;
	classes = {
	};
	objectVersion = 56;
	objects = {

/* Begin PBXBuildFile section */
		D538863928FD77780068DF85 /* AppDelegate.swift in Sources */ = {isa = PBXBuildFile; fileRef = D538863828FD77780068DF85 /* AppDelegate.swift */; };
		D538863B28FD77780068DF85 /* SceneDelegate.swift in Sources */ = {isa = PBXBuildFile; fileRef = D538863A28FD77780068DF85 /* SceneDelegate.swift */; };
		D538863D28FD77780068DF85 /* FeedViewController.swift in Sources */ = {isa = PBXBuildFile; fileRef = D538863C28FD77780068DF85 /* FeedViewController.swift */; };
		D538864028FD77780068DF85 /* Main.storyboard in Resources */ = {isa = PBXBuildFile; fileRef = D538863E28FD77780068DF85 /* Main.storyboard */; };
		D538864228FD777A0068DF85 /* Assets.xcassets in Resources */ = {isa = PBXBuildFile; fileRef = D538864128FD777A0068DF85 /* Assets.xcassets */; };
		D538864528FD777A0068DF85 /* LaunchScreen.storyboard in Resources */ = {isa = PBXBuildFile; fileRef = D538864328FD777A0068DF85 /* LaunchScreen.storyboard */; };
		D57449A028FEC7D500460C7B /* User.swift in Sources */ = {isa = PBXBuildFile; fileRef = D574499F28FEC7D500460C7B /* User.swift */; };
		D57449A328FEC83400460C7B /* Post.swift in Sources */ = {isa = PBXBuildFile; fileRef = D57449A228FEC83400460C7B /* Post.swift */; };
		D59F0C0228FFCBFF0092D1B2 /* ColorAssets.xcassets in Resources */ = {isa = PBXBuildFile; fileRef = D59F0C0128FFCBFF0092D1B2 /* ColorAssets.xcassets */; };
		D5C94B3B2900D0A600D2229C /* NotificationsViewController.swift in Sources */ = {isa = PBXBuildFile; fileRef = D5C94B3A2900D0A600D2229C /* NotificationsViewController.swift */; };
		D5C94B3D2900D11400D2229C /* NotificationsTableViewCell.swift in Sources */ = {isa = PBXBuildFile; fileRef = D5C94B3C2900D11400D2229C /* NotificationsTableViewCell.swift */; };
		D5C94B402900D4AB00D2229C /* NotificationsCellModel.swift in Sources */ = {isa = PBXBuildFile; fileRef = D5C94B3F2900D4AB00D2229C /* NotificationsCellModel.swift */; };
/* End PBXBuildFile section */

/* Begin PBXFileReference section */
		D538863528FD77780068DF85 /* Instagram.app */ = {isa = PBXFileReference; explicitFileType = wrapper.application; includeInIndex = 0; path = Instagram.app; sourceTree = BUILT_PRODUCTS_DIR; };
		D538863828FD77780068DF85 /* AppDelegate.swift */ = {isa = PBXFileReference; lastKnownFileType = sourcecode.swift; path = AppDelegate.swift; sourceTree = "<group>"; };
		D538863A28FD77780068DF85 /* SceneDelegate.swift */ = {isa = PBXFileReference; lastKnownFileType = sourcecode.swift; path = SceneDelegate.swift; sourceTree = "<group>"; };
		D538863C28FD77780068DF85 /* FeedViewController.swift */ = {isa = PBXFileReference; lastKnownFileType = sourcecode.swift; path = FeedViewController.swift; sourceTree = "<group>"; };
		D538863F28FD77780068DF85 /* Base */ = {isa = PBXFileReference; lastKnownFileType = file.storyboard; name = Base; path = Base.lproj/Main.storyboard; sourceTree = "<group>"; };
		D538864128FD777A0068DF85 /* Assets.xcassets */ = {isa = PBXFileReference; lastKnownFileType = folder.assetcatalog; path = Assets.xcassets; sourceTree = "<group>"; };
		D538864428FD777A0068DF85 /* Base */ = {isa = PBXFileReference; lastKnownFileType = file.storyboard; name = Base; path = Base.lproj/LaunchScreen.storyboard; sourceTree = "<group>"; };
		D538864628FD777A0068DF85 /* Info.plist */ = {isa = PBXFileReference; lastKnownFileType = text.plist.xml; path = Info.plist; sourceTree = "<group>"; };
		D574499F28FEC7D500460C7B /* User.swift */ = {isa = PBXFileReference; lastKnownFileType = sourcecode.swift; path = User.swift; sourceTree = "<group>"; };
		D57449A228FEC83400460C7B /* Post.swift */ = {isa = PBXFileReference; lastKnownFileType = sourcecode.swift; path = Post.swift; sourceTree = "<group>"; };
		D59F0C0128FFCBFF0092D1B2 /* ColorAssets.xcassets */ = {isa = PBXFileReference; lastKnownFileType = folder.assetcatalog; path = ColorAssets.xcassets; sourceTree = "<group>"; };
		D5C94B3A2900D0A600D2229C /* NotificationsViewController.swift */ = {isa = PBXFileReference; lastKnownFileType = sourcecode.swift; path = NotificationsViewController.swift; sourceTree = "<group>"; };
		D5C94B3C2900D11400D2229C /* NotificationsTableViewCell.swift */ = {isa = PBXFileReference; lastKnownFileType = sourcecode.swift; path = NotificationsTableViewCell.swift; sourceTree = "<group>"; };
		D5C94B3F2900D4AB00D2229C /* NotificationsCellModel.swift */ = {isa = PBXFileReference; lastKnownFileType = sourcecode.swift; path = NotificationsCellModel.swift; sourceTree = "<group>"; };
/* End PBXFileReference section */

/* Begin PBXFrameworksBuildPhase section */
		D538863228FD77780068DF85 /* Frameworks */ = {
			isa = PBXFrameworksBuildPhase;
			buildActionMask = 2147483647;
			files = (
			);
			runOnlyForDeploymentPostprocessing = 0;
		};
/* End PBXFrameworksBuildPhase section */

/* Begin PBXGroup section */
		D538862C28FD77780068DF85 = {
			isa = PBXGroup;
			children = (
				D538863728FD77780068DF85 /* Instagram */,
				D538863628FD77780068DF85 /* Products */,
			);
			sourceTree = "<group>";
		};
		D538863628FD77780068DF85 /* Products */ = {
			isa = PBXGroup;
			children = (
				D538863528FD77780068DF85 /* Instagram.app */,
			);
			name = Products;
			sourceTree = "<group>";
		};
		D538863728FD77780068DF85 /* Instagram */ = {
			isa = PBXGroup;
			children = (
				D5C94B3E2900D47400D2229C /* Notifications */,
				D538863828FD77780068DF85 /* AppDelegate.swift */,
				D538863A28FD77780068DF85 /* SceneDelegate.swift */,
				D538863C28FD77780068DF85 /* FeedViewController.swift */,
				D538863E28FD77780068DF85 /* Main.storyboard */,
				D57449A128FEC82000460C7B /* Models */,
				D538864128FD777A0068DF85 /* Assets.xcassets */,
				D59F0C0128FFCBFF0092D1B2 /* ColorAssets.xcassets */,
				D538864328FD777A0068DF85 /* LaunchScreen.storyboard */,
				D538864628FD777A0068DF85 /* Info.plist */,
			);
			path = Instagram;
			sourceTree = "<group>";
		};
		D57449A128FEC82000460C7B /* Models */ = {
			isa = PBXGroup;
			children = (
				D574499F28FEC7D500460C7B /* User.swift */,
				D57449A228FEC83400460C7B /* Post.swift */,
			);
			path = Models;
			sourceTree = "<group>";
		};
		D5C94B3E2900D47400D2229C /* Notifications */ = {
			isa = PBXGroup;
			children = (
				D5C94B3C2900D11400D2229C /* NotificationsTableViewCell.swift */,
				D5C94B3A2900D0A600D2229C /* NotificationsViewController.swift */,
				D5C94B3F2900D4AB00D2229C /* NotificationsCellModel.swift */,
			);
			path = Notifications;
			sourceTree = "<group>";
		};
/* End PBXGroup section */

/* Begin PBXNativeTarget section */
		D538863428FD77780068DF85 /* Instagram */ = {
			isa = PBXNativeTarget;
			buildConfigurationList = D538864928FD777A0068DF85 /* Build configuration list for PBXNativeTarget "Instagram" */;
			buildPhases = (
				D538863128FD77780068DF85 /* Sources */,
				D538863228FD77780068DF85 /* Frameworks */,
				D538863328FD77780068DF85 /* Resources */,
				D538864C28FD77A60068DF85 /* ShellScript */,
			);
			buildRules = (
			);
			dependencies = (
			);
			name = Instagram;
			productName = Instagram;
			productReference = D538863528FD77780068DF85 /* Instagram.app */;
			productType = "com.apple.product-type.application";
		};
/* End PBXNativeTarget section */

/* Begin PBXProject section */
		D538862D28FD77780068DF85 /* Project object */ = {
			isa = PBXProject;
			attributes = {
				BuildIndependentTargetsInParallel = 1;
				LastSwiftUpdateCheck = 1400;
				LastUpgradeCheck = 1400;
				TargetAttributes = {
					D538863428FD77780068DF85 = {
						CreatedOnToolsVersion = 14.0;
					};
				};
			};
			buildConfigurationList = D538863028FD77780068DF85 /* Build configuration list for PBXProject "Instagram" */;
			compatibilityVersion = "Xcode 14.0";
			developmentRegion = en;
			hasScannedForEncodings = 0;
			knownRegions = (
				en,
				Base,
			);
			mainGroup = D538862C28FD77780068DF85;
			productRefGroup = D538863628FD77780068DF85 /* Products */;
			projectDirPath = "";
			projectRoot = "";
			targets = (
				D538863428FD77780068DF85 /* Instagram */,
			);
		};
/* End PBXProject section */

/* Begin PBXResourcesBuildPhase section */
		D538863328FD77780068DF85 /* Resources */ = {
			isa = PBXResourcesBuildPhase;
			buildActionMask = 2147483647;
			files = (
				D538864528FD777A0068DF85 /* LaunchScreen.storyboard in Resources */,
				D538864228FD777A0068DF85 /* Assets.xcassets in Resources */,
				D59F0C0228FFCBFF0092D1B2 /* ColorAssets.xcassets in Resources */,
				D538864028FD77780068DF85 /* Main.storyboard in Resources */,
			);
			runOnlyForDeploymentPostprocessing = 0;
		};
/* End PBXResourcesBuildPhase section */

/* Begin PBXShellScriptBuildPhase section */
		D538864C28FD77A60068DF85 /* ShellScript */ = {
			isa = PBXShellScriptBuildPhase;
			alwaysOutOfDate = 1;
			buildActionMask = 2147483647;
			files = (
			);
			inputFileListPaths = (
			);
			inputPaths = (
			);
			outputFileListPaths = (
			);
			outputPaths = (
			);
			runOnlyForDeploymentPostprocessing = 0;
			shellPath = /bin/sh;
			shellScript = "export PATH=\"$PATH:/opt/homebrew/bin\"\nif which swiftlint > /dev/null; then\n  swiftlint\nelse\n  echo \"warning: SwiftLint not installed, download from https://github.com/realm/SwiftLint\"\nfi\n";
		};
/* End PBXShellScriptBuildPhase section */

/* Begin PBXSourcesBuildPhase section */
		D538863128FD77780068DF85 /* Sources */ = {
			isa = PBXSourcesBuildPhase;
			buildActionMask = 2147483647;
			files = (
				D5C94B3D2900D11400D2229C /* NotificationsTableViewCell.swift in Sources */,
				D57449A028FEC7D500460C7B /* User.swift in Sources */,
				D538863D28FD77780068DF85 /* FeedViewController.swift in Sources */,
				D538863928FD77780068DF85 /* AppDelegate.swift in Sources */,
				D5C94B3B2900D0A600D2229C /* NotificationsViewController.swift in Sources */,
				D538863B28FD77780068DF85 /* SceneDelegate.swift in Sources */,
				D5C94B402900D4AB00D2229C /* NotificationsCellModel.swift in Sources */,
				D57449A328FEC83400460C7B /* Post.swift in Sources */,
			);
			runOnlyForDeploymentPostprocessing = 0;
		};
/* End PBXSourcesBuildPhase section */

/* Begin PBXVariantGroup section */
		D538863E28FD77780068DF85 /* Main.storyboard */ = {
			isa = PBXVariantGroup;
			children = (
				D538863F28FD77780068DF85 /* Base */,
			);
			name = Main.storyboard;
			sourceTree = "<group>";
		};
		D538864328FD777A0068DF85 /* LaunchScreen.storyboard */ = {
			isa = PBXVariantGroup;
			children = (
				D538864428FD777A0068DF85 /* Base */,
			);
			name = LaunchScreen.storyboard;
			sourceTree = "<group>";
		};
/* End PBXVariantGroup section */

/* Begin XCBuildConfiguration section */
		D538864728FD777A0068DF85 /* Debug */ = {
			isa = XCBuildConfiguration;
			buildSettings = {
				ALWAYS_SEARCH_USER_PATHS = NO;
				CLANG_ANALYZER_NONNULL = YES;
				CLANG_ANALYZER_NUMBER_OBJECT_CONVERSION = YES_AGGRESSIVE;
				CLANG_CXX_LANGUAGE_STANDARD = "gnu++20";
				CLANG_ENABLE_MODULES = YES;
				CLANG_ENABLE_OBJC_ARC = YES;
				CLANG_ENABLE_OBJC_WEAK = YES;
				CLANG_WARN_BLOCK_CAPTURE_AUTORELEASING = YES;
				CLANG_WARN_BOOL_CONVERSION = YES;
				CLANG_WARN_COMMA = YES;
				CLANG_WARN_CONSTANT_CONVERSION = YES;
				CLANG_WARN_DEPRECATED_OBJC_IMPLEMENTATIONS = YES;
				CLANG_WARN_DIRECT_OBJC_ISA_USAGE = YES_ERROR;
				CLANG_WARN_DOCUMENTATION_COMMENTS = YES;
				CLANG_WARN_EMPTY_BODY = YES;
				CLANG_WARN_ENUM_CONVERSION = YES;
				CLANG_WARN_INFINITE_RECURSION = YES;
				CLANG_WARN_INT_CONVERSION = YES;
				CLANG_WARN_NON_LITERAL_NULL_CONVERSION = YES;
				CLANG_WARN_OBJC_IMPLICIT_RETAIN_SELF = YES;
				CLANG_WARN_OBJC_LITERAL_CONVERSION = YES;
				CLANG_WARN_OBJC_ROOT_CLASS = YES_ERROR;
				CLANG_WARN_QUOTED_INCLUDE_IN_FRAMEWORK_HEADER = YES;
				CLANG_WARN_RANGE_LOOP_ANALYSIS = YES;
				CLANG_WARN_STRICT_PROTOTYPES = YES;
				CLANG_WARN_SUSPICIOUS_MOVE = YES;
				CLANG_WARN_UNGUARDED_AVAILABILITY = YES_AGGRESSIVE;
				CLANG_WARN_UNREACHABLE_CODE = YES;
				CLANG_WARN__DUPLICATE_METHOD_MATCH = YES;
				COPY_PHASE_STRIP = NO;
				DEBUG_INFORMATION_FORMAT = dwarf;
				ENABLE_STRICT_OBJC_MSGSEND = YES;
				ENABLE_TESTABILITY = YES;
				GCC_C_LANGUAGE_STANDARD = gnu11;
				GCC_DYNAMIC_NO_PIC = NO;
				GCC_NO_COMMON_BLOCKS = YES;
				GCC_OPTIMIZATION_LEVEL = 0;
				GCC_PREPROCESSOR_DEFINITIONS = (
					"DEBUG=1",
					"$(inherited)",
				);
				GCC_WARN_64_TO_32_BIT_CONVERSION = YES;
				GCC_WARN_ABOUT_RETURN_TYPE = YES_ERROR;
				GCC_WARN_UNDECLARED_SELECTOR = YES;
				GCC_WARN_UNINITIALIZED_AUTOS = YES_AGGRESSIVE;
				GCC_WARN_UNUSED_FUNCTION = YES;
				GCC_WARN_UNUSED_VARIABLE = YES;
				IPHONEOS_DEPLOYMENT_TARGET = 16.0;
				MTL_ENABLE_DEBUG_INFO = INCLUDE_SOURCE;
				MTL_FAST_MATH = YES;
				ONLY_ACTIVE_ARCH = YES;
				SDKROOT = iphoneos;
				SWIFT_ACTIVE_COMPILATION_CONDITIONS = DEBUG;
				SWIFT_OPTIMIZATION_LEVEL = "-Onone";
			};
			name = Debug;
		};
		D538864828FD777A0068DF85 /* Release */ = {
			isa = XCBuildConfiguration;
			buildSettings = {
				ALWAYS_SEARCH_USER_PATHS = NO;
				CLANG_ANALYZER_NONNULL = YES;
				CLANG_ANALYZER_NUMBER_OBJECT_CONVERSION = YES_AGGRESSIVE;
				CLANG_CXX_LANGUAGE_STANDARD = "gnu++20";
				CLANG_ENABLE_MODULES = YES;
				CLANG_ENABLE_OBJC_ARC = YES;
				CLANG_ENABLE_OBJC_WEAK = YES;
				CLANG_WARN_BLOCK_CAPTURE_AUTORELEASING = YES;
				CLANG_WARN_BOOL_CONVERSION = YES;
				CLANG_WARN_COMMA = YES;
				CLANG_WARN_CONSTANT_CONVERSION = YES;
				CLANG_WARN_DEPRECATED_OBJC_IMPLEMENTATIONS = YES;
				CLANG_WARN_DIRECT_OBJC_ISA_USAGE = YES_ERROR;
				CLANG_WARN_DOCUMENTATION_COMMENTS = YES;
				CLANG_WARN_EMPTY_BODY = YES;
				CLANG_WARN_ENUM_CONVERSION = YES;
				CLANG_WARN_INFINITE_RECURSION = YES;
				CLANG_WARN_INT_CONVERSION = YES;
				CLANG_WARN_NON_LITERAL_NULL_CONVERSION = YES;
				CLANG_WARN_OBJC_IMPLICIT_RETAIN_SELF = YES;
				CLANG_WARN_OBJC_LITERAL_CONVERSION = YES;
				CLANG_WARN_OBJC_ROOT_CLASS = YES_ERROR;
				CLANG_WARN_QUOTED_INCLUDE_IN_FRAMEWORK_HEADER = YES;
				CLANG_WARN_RANGE_LOOP_ANALYSIS = YES;
				CLANG_WARN_STRICT_PROTOTYPES = YES;
				CLANG_WARN_SUSPICIOUS_MOVE = YES;
				CLANG_WARN_UNGUARDED_AVAILABILITY = YES_AGGRESSIVE;
				CLANG_WARN_UNREACHABLE_CODE = YES;
				CLANG_WARN__DUPLICATE_METHOD_MATCH = YES;
				COPY_PHASE_STRIP = NO;
				DEBUG_INFORMATION_FORMAT = "dwarf-with-dsym";
				ENABLE_NS_ASSERTIONS = NO;
				ENABLE_STRICT_OBJC_MSGSEND = YES;
				GCC_C_LANGUAGE_STANDARD = gnu11;
				GCC_NO_COMMON_BLOCKS = YES;
				GCC_WARN_64_TO_32_BIT_CONVERSION = YES;
				GCC_WARN_ABOUT_RETURN_TYPE = YES_ERROR;
				GCC_WARN_UNDECLARED_SELECTOR = YES;
				GCC_WARN_UNINITIALIZED_AUTOS = YES_AGGRESSIVE;
				GCC_WARN_UNUSED_FUNCTION = YES;
				GCC_WARN_UNUSED_VARIABLE = YES;
				IPHONEOS_DEPLOYMENT_TARGET = 16.0;
				MTL_ENABLE_DEBUG_INFO = NO;
				MTL_FAST_MATH = YES;
				SDKROOT = iphoneos;
				SWIFT_COMPILATION_MODE = wholemodule;
				SWIFT_OPTIMIZATION_LEVEL = "-O";
				VALIDATE_PRODUCT = YES;
			};
			name = Release;
		};
		D538864A28FD777A0068DF85 /* Debug */ = {
			isa = XCBuildConfiguration;
			buildSettings = {
				ASSETCATALOG_COMPILER_APPICON_NAME = AppIcon;
				ASSETCATALOG_COMPILER_GLOBAL_ACCENT_COLOR_NAME = AccentColor;
				CODE_SIGN_STYLE = Automatic;
				CURRENT_PROJECT_VERSION = 1;
				DEVELOPMENT_TEAM = KCR277F8KP;
				GENERATE_INFOPLIST_FILE = YES;
				INFOPLIST_FILE = Instagram/Info.plist;
				INFOPLIST_KEY_UIApplicationSupportsIndirectInputEvents = YES;
				INFOPLIST_KEY_UILaunchStoryboardName = LaunchScreen;
				INFOPLIST_KEY_UIMainStoryboardFile = Main;
				INFOPLIST_KEY_UISupportedInterfaceOrientations_iPad = "UIInterfaceOrientationPortrait UIInterfaceOrientationPortraitUpsideDown UIInterfaceOrientationLandscapeLeft UIInterfaceOrientationLandscapeRight";
				INFOPLIST_KEY_UISupportedInterfaceOrientations_iPhone = "UIInterfaceOrientationPortrait UIInterfaceOrientationLandscapeLeft UIInterfaceOrientationLandscapeRight";
				LD_RUNPATH_SEARCH_PATHS = (
					"$(inherited)",
					"@executable_path/Frameworks",
				);
				MARKETING_VERSION = 1.0;
				PRODUCT_BUNDLE_IDENTIFIER = "suprun1212-gmail.com.Instagram";
				PRODUCT_NAME = "$(TARGET_NAME)";
				SWIFT_EMIT_LOC_STRINGS = YES;
				SWIFT_VERSION = 5.0;
				TARGETED_DEVICE_FAMILY = "1,2";
			};
			name = Debug;
		};
		D538864B28FD777A0068DF85 /* Release */ = {
			isa = XCBuildConfiguration;
			buildSettings = {
				ASSETCATALOG_COMPILER_APPICON_NAME = AppIcon;
				ASSETCATALOG_COMPILER_GLOBAL_ACCENT_COLOR_NAME = AccentColor;
				CODE_SIGN_STYLE = Automatic;
				CURRENT_PROJECT_VERSION = 1;
				DEVELOPMENT_TEAM = KCR277F8KP;
				GENERATE_INFOPLIST_FILE = YES;
				INFOPLIST_FILE = Instagram/Info.plist;
				INFOPLIST_KEY_UIApplicationSupportsIndirectInputEvents = YES;
				INFOPLIST_KEY_UILaunchStoryboardName = LaunchScreen;
				INFOPLIST_KEY_UIMainStoryboardFile = Main;
				INFOPLIST_KEY_UISupportedInterfaceOrientations_iPad = "UIInterfaceOrientationPortrait UIInterfaceOrientationPortraitUpsideDown UIInterfaceOrientationLandscapeLeft UIInterfaceOrientationLandscapeRight";
				INFOPLIST_KEY_UISupportedInterfaceOrientations_iPhone = "UIInterfaceOrientationPortrait UIInterfaceOrientationLandscapeLeft UIInterfaceOrientationLandscapeRight";
				LD_RUNPATH_SEARCH_PATHS = (
					"$(inherited)",
					"@executable_path/Frameworks",
				);
				MARKETING_VERSION = 1.0;
				PRODUCT_BUNDLE_IDENTIFIER = "suprun1212-gmail.com.Instagram";
				PRODUCT_NAME = "$(TARGET_NAME)";
				SWIFT_EMIT_LOC_STRINGS = YES;
				SWIFT_VERSION = 5.0;
				TARGETED_DEVICE_FAMILY = "1,2";
			};
			name = Release;
		};
/* End XCBuildConfiguration section */

/* Begin XCConfigurationList section */
		D538863028FD77780068DF85 /* Build configuration list for PBXProject "Instagram" */ = {
			isa = XCConfigurationList;
			buildConfigurations = (
				D538864728FD777A0068DF85 /* Debug */,
				D538864828FD777A0068DF85 /* Release */,
			);
			defaultConfigurationIsVisible = 0;
			defaultConfigurationName = Release;
		};
		D538864928FD777A0068DF85 /* Build configuration list for PBXNativeTarget "Instagram" */ = {
			isa = XCConfigurationList;
			buildConfigurations = (
				D538864A28FD777A0068DF85 /* Debug */,
				D538864B28FD777A0068DF85 /* Release */,
			);
			defaultConfigurationIsVisible = 0;
			defaultConfigurationName = Release;
		};
/* End XCConfigurationList section */
	};
	rootObject = D538862D28FD77780068DF85 /* Project object */;
}
